
Microsoft Visual Studio Solution File, Format Version 12.00
# Visual Studio Version 17
VisualStudioVersion = 17.0.32112.339
MinimumVisualStudioVersion = 10.0.40219.1
Project("{FAE04EC0-301F-11D3-BF4B-00C04F79EFBC}") = "SimpleWebApiWithEfCore", "SimpleWebApiWithEfCore\SimpleWebApiWithEfCore.csproj", "{8F0E388D-2E40-4D04-941C-F1D28D3009A3}"
EndProject
Global
	GlobalSection(SolutionConfigurationPlatforms) = preSolution
		Debug|Any CPU = Debug|Any CPU
		Release|Any CPU = Release|Any CPU
	EndGlobalSection
	GlobalSection(ProjectConfigurationPlatforms) = postSolution
		{8F0E388D-2E40-4D04-941C-F1D28D3009A3}.Debug|Any CPU.ActiveCfg = Debug|Any CPU
		{8F0E388D-2E40-4D04-941C-F1D28D3009A3}.Debug|Any CPU.Build.0 = Debug|Any CPU
		{8F0E388D-2E40-4D04-941C-F1D28D3009A3}.Release|Any CPU.ActiveCfg = Release|Any CPU
		{8F0E388D-2E40-4D04-941C-F1D28D3009A3}.Release|Any CPU.Build.0 = Release|Any CPU
	EndGlobalSection
	GlobalSection(SolutionProperties) = preSolution
		HideSolutionNode = FALSE
	EndGlobalSection
	GlobalSection(ExtensibilityGlobals) = postSolution
		SolutionGuid = {F6F0F993-192C-4653-BE5E-C0EA3DA3EF58}
	EndGlobalSection
EndGlobal
